# THIS IS AN AUTOGENERATED FILE. DO NOT EDIT THIS FILE DIRECTLY.
# yarn lockfile v1
argparse@^1.0.7:
  version "1.0.9"
  resolved "https://registry.yarnpkg.com/argparse/-/argparse-1.0.9.tgz#73d83bc263f86e97f8cc4f6bae1b0e90a7d22c86"
  dependencies:
    sprintf-js "~1.0.2"

bluebird-lst@^1.0.2:
  version "1.0.2"
  resolved "https://registry.yarnpkg.com/bluebird-lst/-/bluebird-lst-1.0.2.tgz#c7b26176b6c8fa458be703deb0644a28f64a475b"
  dependencies:
    bluebird "^3.5.0"

bluebird@^3.5.0:
  version "3.5.0"
  resolved "https://registry.yarnpkg.com/bluebird/-/bluebird-3.5.0.tgz#791420d7f551eea2897453a8a77653f96606d67c"

debug@2.6.3:
  version "2.6.3"
  resolved "https://registry.yarnpkg.com/debug/-/debug-2.6.3.tgz#0f7eb8c30965ec08c72accfa0130c8b79984141d"
  dependencies:
    ms "0.7.2"

electron-builder-http@~16.6.0:
  version "16.6.0"
  resolved "https://registry.yarnpkg.com/electron-builder-http/-/electron-builder-http-16.6.0.tgz#60676caf0f1d9daf385ce070b07eec49efb29f0f"
  dependencies:
    debug "2.6.3"
    fs-extra-p "^4.1.0"

electron-debug@^1.1.0:
  version "1.1.0"
  resolved "https://registry.yarnpkg.com/electron-debug/-/electron-debug-1.1.0.tgz#050a9c3f906fffc2492510cf8ac31d0f32a579e1"
  dependencies:
    electron-is-dev "^0.1.0"
    electron-localshortcut "^0.6.0"

electron-dl@^1.8.0:
  version "1.8.0"
  resolved "https://registry.yarnpkg.com/electron-dl/-/electron-dl-1.8.0.tgz#56652da55aafda4a70074f6313fdf7f941ec752a"
  dependencies:
    pupa "^1.0.0"
    unused-filename "^0.1.0"

electron-is-dev@^0.1.0, electron-is-dev@^0.1.2:
  version "0.1.2"
  resolved "https://registry.yarnpkg.com/electron-is-dev/-/electron-is-dev-0.1.2.tgz#8a1043e32b3a1da1c3f553dce28ce764246167e3"

electron-localshortcut@^0.6.0:
  version "0.6.1"
  resolved "https://registry.yarnpkg.com/electron-localshortcut/-/electron-localshortcut-0.6.1.tgz#c4e268c38a6e42f40de5618fc906d1ed608f11aa"

electron-updater@^1.12.0:
  version "1.12.0"
  resolved "https://registry.yarnpkg.com/electron-updater/-/electron-updater-1.12.0.tgz#774a7b3b5758eb9459542743ce636d223624cc15"
  dependencies:
    bluebird-lst "^1.0.2"
    electron-builder-http "~16.6.0"
    electron-is-dev "^0.1.2"
    fs-extra-p "^4.1.0"
    js-yaml "^3.8.3"
    semver "^5.3.0"
    source-map-support "^0.4.14"

esprima@^3.1.1:
  version "3.1.3"
  resolved "https://registry.yarnpkg.com/esprima/-/esprima-3.1.3.tgz#fdca51cee6133895e3c88d535ce49dbff62a4633"

fs-extra-p@^4.1.0:
  version "4.1.0"
  resolved "https://registry.yarnpkg.com/fs-extra-p/-/fs-extra-p-4.1.0.tgz#7356871b0ebf5e13c80a1194477a4d587ac0d3fd"
  dependencies:
    bluebird-lst "^1.0.2"
    fs-extra "^2.1.2"

fs-extra@^2.1.2:
  version "2.1.2"
  resolved "https://registry.yarnpkg.com/fs-extra/-/fs-extra-2.1.2.tgz#046c70163cef9aad46b0e4a7fa467fb22d71de35"
  dependencies:
    graceful-fs "^4.1.2"
    jsonfile "^2.1.0"

graceful-fs@^4.1.2, graceful-fs@^4.1.6:
  version "4.1.11"
  resolved "https://registry.yarnpkg.com/graceful-fs/-/graceful-fs-4.1.11.tgz#0e8bdfe4d1ddb8854d64e04ea7c00e2a026e5658"

js-yaml@^3.8.3:
  version "3.8.3"
  resolved "https://registry.yarnpkg.com/js-yaml/-/js-yaml-3.8.3.tgz#33a05ec481c850c8875929166fe1beb61c728766"
  dependencies:
    argparse "^1.0.7"
    esprima "^3.1.1"

jsonfile@^2.1.0:
  version "2.4.0"
  resolved "https://registry.yarnpkg.com/jsonfile/-/jsonfile-2.4.0.tgz#3736a2b428b87bbda0cc83b53fa3d633a35c2ae8"
  optionalDependencies:
    graceful-fs "^4.1.6"

modify-filename@^1.1.0:
  version "1.1.0"
  resolved "https://registry.yarnpkg.com/modify-filename/-/modify-filename-1.1.0.tgz#9a2dec83806fbb2d975f22beec859ca26b393aa1"

ms@0.7.2:
  version "0.7.2"
  resolved "https://registry.yarnpkg.com/ms/-/ms-0.7.2.tgz#ae25cf2512b3885a1d95d7f037868d8431124765"

path-exists@^3.0.0:
  version "3.0.0"
  resolved "https://registry.yarnpkg.com/path-exists/-/path-exists-3.0.0.tgz#ce0ebeaa5f78cb18925ea7d810d7b59b010fd515"

pupa@^1.0.0:
  version "1.0.0"
  resolved "https://registry.yarnpkg.com/pupa/-/pupa-1.0.0.tgz#9a9568a5af7e657b8462a6e9d5328743560ceff6"

semver@^5.3.0:
  version "5.3.0"
  resolved "https://registry.yarnpkg.com/semver/-/semver-5.3.0.tgz#9b2ce5d3de02d17c6012ad326aa6b4d0cf54f94f"

source-map-support@^0.4.14:
  version "0.4.14"
  resolved "https://registry.yarnpkg.com/source-map-support/-/source-map-support-0.4.14.tgz#9d4463772598b86271b4f523f6c1f4e02a7d6aef"
  dependencies:
    source-map "^0.5.6"

source-map@^0.5.6:
  version "0.5.6"
  resolved "https://registry.yarnpkg.com/source-map/-/source-map-0.5.6.tgz#75ce38f52bf0733c5a7f0c118d81334a2bb5f412"

sprintf-js@~1.0.2:
  version "1.0.3"
  resolved "https://registry.yarnpkg.com/sprintf-js/-/sprintf-js-1.0.3.tgz#04e6926f662895354f3dd015203633b857297e2c"

unused-filename@^0.1.0:
  version "0.1.0"
  resolved "https://registry.yarnpkg.com/unused-filename/-/unused-filename-0.1.0.tgz#e5f33bc9e4a63f87f64d3c11d31979def5d2e7fb"
  dependencies:
    modify-filename "^1.1.0"
    path-exists "^3.0.0"

